
Microsoft Visual Studio Solution File, Format Version 12.00
# Visual Studio Version 17
VisualStudioVersion = 17.14.36414.22 d17.14
MinimumVisualStudioVersion = 10.0.40219.1
Project("{FAE04EC0-301F-11D3-BF4B-00C04F79EFBC}") = "SingletonPracticeL1", "SingletonPracticeL1\SingletonPracticeL1.csproj", "{E46CF958-4BB8-4D11-909E-3F331DD50C72}"
EndProject
Global
	GlobalSection(SolutionConfigurationPlatforms) = preSolution
		Debug|Any CPU = Debug|Any CPU
		Release|Any CPU = Release|Any CPU
	EndGlobalSection
	GlobalSection(ProjectConfigurationPlatforms) = postSolution
		{E46CF958-4BB8-4D11-909E-3F331DD50C72}.Debug|Any CPU.ActiveCfg = Debug|Any CPU
		{E46CF958-4BB8-4D11-909E-3F331DD50C72}.Debug|Any CPU.Build.0 = Debug|Any CPU
		{E46CF958-4BB8-4D11-909E-3F331DD50C72}.Release|Any CPU.ActiveCfg = Release|Any CPU
		{E46CF958-4BB8-4D11-909E-3F331DD50C72}.Release|Any CPU.Build.0 = Release|Any CPU
	EndGlobalSection
	GlobalSection(SolutionProperties) = preSolution
		HideSolutionNode = FALSE
	EndGlobalSection
	GlobalSection(ExtensibilityGlobals) = postSolution
		SolutionGuid = {5FF08176-72C4-48C4-AF8D-8B6DDAF885F4}
	EndGlobalSection
EndGlobal
