
Microsoft Visual Studio Solution File, Format Version 12.00
# Visual Studio Version 17
VisualStudioVersion = 17.14.36414.22 d17.14
MinimumVisualStudioVersion = 10.0.40219.1
Project("{FAE04EC0-301F-11D3-BF4B-00C04F79EFBC}") = "GetScoreFactoryExample", "GetScoreFactoryExample\GetScoreFactoryExample.csproj", "{C896AA02-DFD1-44F5-9453-DEF9181A29DC}"
EndProject
Global
	GlobalSection(SolutionConfigurationPlatforms) = preSolution
		Debug|Any CPU = Debug|Any CPU
		Release|Any CPU = Release|Any CPU
	EndGlobalSection
	GlobalSection(ProjectConfigurationPlatforms) = postSolution
		{C896AA02-DFD1-44F5-9453-DEF9181A29DC}.Debug|Any CPU.ActiveCfg = Debug|Any CPU
		{C896AA02-DFD1-44F5-9453-DEF9181A29DC}.Debug|Any CPU.Build.0 = Debug|Any CPU
		{C896AA02-DFD1-44F5-9453-DEF9181A29DC}.Release|Any CPU.ActiveCfg = Release|Any CPU
		{C896AA02-DFD1-44F5-9453-DEF9181A29DC}.Release|Any CPU.Build.0 = Release|Any CPU
	EndGlobalSection
	GlobalSection(SolutionProperties) = preSolution
		HideSolutionNode = FALSE
	EndGlobalSection
	GlobalSection(ExtensibilityGlobals) = postSolution
		SolutionGuid = {D5BC70BC-FDB9-4C8E-913A-D78F4B251770}
	EndGlobalSection
EndGlobal
